{
    "_readme": [
        "This file locks the dependencies of your project to a known state",
        "Read more about it at https://getcomposer.org/doc/01-basic-usage.md#installing-dependencies",
        "This file is @generated automatically"
    ],
    "content-hash": "e99383088466ec40b5a756db30c68389",
    "packages": [
        {
            "name": "cristophersosa/fedex-manuable-test",
            "version": "v2",
            "source": {
                "type": "git",
                "url": "https://github.com/cristophersosa/FedexManuableTest.git",
                "reference": "807ad743b6836f1d74cb490ee99bc3bc1bb9189b"
            },
            "dist": {
                "type": "zip",
                "url": "https://api.github.com/repos/cristophersosa/FedexManuableTest/zipball/807ad743b6836f1d74cb490ee99bc3bc1bb9189b",
                "reference": "807ad743b6836f1d74cb490ee99bc3bc1bb9189b",
                "shasum": ""
            },
            "require-dev": {
                "phpunit/phpunit": "^9.5"
            },
            "type": "library",
            "autoload": {
                "psr-4": {
                    "Cristophersosa\\FedexManuableTest\\": "src/"
                }
            },
            "notification-url": "https://packagist.org/downloads/",
            "license": [
                "MIT"
            ],
            "authors": [
                {
                    "name": "cristophersosa",
                    "email": "38702620+cristophersosa@users.noreply.github.com"
                }
            ],
            "description": "Vacancy test - Fedex api",
            "support": {
                "issues": "https://github.com/cristophersosa/FedexManuableTest/issues",
                "source": "https://github.com/cristophersosa/FedexManuableTest/tree/v2"
            },
            "time": "2022-08-12T15:36:44+00:00"
        }
    ],
    "packages-dev": [],
    "aliases": [],
    "minimum-stability": "stable",
    "stability-flags": [],
    "prefer-stable": false,
    "prefer-lowest": false,
    "platform": [],
    "platform-dev": [],
    "plugin-api-version": "2.1.0"
}
