{
    "_readme": [
        "This file locks the dependencies of your project to a known state",
        "Read more about it at https://getcomposer.org/doc/01-basic-usage.md#installing-dependencies",
        "This file is @generated automatically"
    ],
    "content-hash": "94f14bc2fa6b8e2cb35c93d601de4d0d",
    "packages": [
        {
            "name": "cristophersosa/fedex-manuable-test",
            "version": "dev-main",
            "source": {
                "type": "git",
                "url": "https://github.com/cristophersosa/FedexManuableTest.git",
                "reference": "805b967c65fde14fb068fd9a38946108a1728414"
            },
            "dist": {
                "type": "zip",
                "url": "https://api.github.com/repos/cristophersosa/FedexManuableTest/zipball/805b967c65fde14fb068fd9a38946108a1728414",
                "reference": "805b967c65fde14fb068fd9a38946108a1728414",
                "shasum": ""
            },
            "require-dev": {
                "phpunit/phpunit": "^9.5"
            },
            "default-branch": true,
            "type": "library",
            "autoload": {
                "psr-4": {
                    "Cristophersosa\\FedexManuableTest\\": "src/"
                }
            },
            "notification-url": "https://packagist.org/downloads/",
            "license": [
                "MIT"
            ],
            "authors": [
                {
                    "name": "cristophersosa",
                    "email": "38702620+cristophersosa@users.noreply.github.com"
                }
            ],
            "description": "Vacancy test - Fedex api",
            "support": {
                "issues": "https://github.com/cristophersosa/FedexManuableTest/issues",
                "source": "https://github.com/cristophersosa/FedexManuableTest/tree/main"
            },
            "time": "2022-08-12T07:44:36+00:00"
        }
    ],
    "packages-dev": [],
    "aliases": [],
    "minimum-stability": "stable",
    "stability-flags": {
        "cristophersosa/fedex-manuable-test": 20
    },
    "prefer-stable": false,
    "prefer-lowest": false,
    "platform": [],
    "platform-dev": [],
    "plugin-api-version": "2.1.0"
}
